{
  "name": "football-player-value",
  "lockfileVersion": 3,
  "requires": true,
  "packages": {
    "": {
      "dependencies": {
        "css-doodle": "^0.51.0",
        "three": "^0.186.0"
      }
    },
    "node_modules/css-doodle": {
      "version": "0.51.0",
      "resolved": "https://registry.npmjs.org/css-doodle/-/css-doodle-0.51.0.tgz",
      "integrity": "sha512-CtwmnhJEW3pcTWSv2qy1aID6Js6fG1GaivhfLf8mLROqWXjbicGcV9m6vDB7iVnd0HgoDirpEDBnTMWCj1hgbw==",
      "license": "MIT",
      "funding": {
        "type": "opencollective",
        "url": "https://opencollective.com/css-doodle"
      }
    },
    "node_modules/three": {
      "version": "0.186.0",
      "resolved": "https://registry.npmjs.org/three/-/three-0.186.0.tgz",
      "integrity": "sha512-cr/fIM2ddMSVbYVgkfD4jLJv7Fh/8ZTjvo+7gQeSVGUZHxpx9FDwoL5iC7hUz/LiRA8wMbqfnb90xKfm1/HHkQ==",
      "license": "MIT"
    }
  }
}
